
Microsoft Visual Studio Solution File, Format Version 12.00
# Visual Studio Version 16
VisualStudioVersion = 16.0.29728.190
MinimumVisualStudioVersion = 10.0.40219.1
Project("{8BC9CEB8-8B4A-11D0-8D11-00A0C91BC942}") = "OGL_BASIC_LIGHTING", "OGL_LIGHTING\OGL_LIGHTING.vcxproj", "{E8CFBDC1-C266-4451-9A78-7557C3A191FB}"
EndProject
Project("{8BC9CEB8-8B4A-11D0-8D11-00A0C91BC942}") = "OGL_MATERIALS", "OGL_MATERIALS\OGL_MATERIALS.vcxproj", "{257C5D34-88B5-47FC-8806-69DE9AF030F0}"
EndProject
Project("{8BC9CEB8-8B4A-11D0-8D11-00A0C91BC942}") = "OGL_LIGHTING_MAPS", "OGL_LIGHTING_MAPS\OGL_LIGHTING_MAPS.vcxproj", "{A8B61E63-61B9-4A25-BB40-382A2635D9FA}"
EndProject
Project("{8BC9CEB8-8B4A-11D0-8D11-00A0C91BC942}") = "OGL_LIGTH_CASTERS", "OGL_LIGTH_CASTERS\OGL_LIGTH_CASTERS.vcxproj", "{EC2634E6-C8AE-4674-8E1B-875BE7560593}"
EndProject
Project("{8BC9CEB8-8B4A-11D0-8D11-00A0C91BC942}") = "OGL_MULTIPLE_LIGHTS", "OGL_MULTIPLE_LIGHTS\OGL_MULTIPLE_LIGHTS.vcxproj", "{EA3766F6-D79C-4418-96DA-EBD6F8D4383B}"
EndProject
Project("{8BC9CEB8-8B4A-11D0-8D11-00A0C91BC942}") = "OGL_COLORS", "OGL_COLORS\OGL_COLORS.vcxproj", "{078F5362-48E2-4FB8-A637-48BDD89D5382}"
EndProject
Global
	GlobalSection(SolutionConfigurationPlatforms) = preSolution
		Debug|x64 = Debug|x64
		Debug|x86 = Debug|x86
		Release|x64 = Release|x64
		Release|x86 = Release|x86
	EndGlobalSection
	GlobalSection(ProjectConfigurationPlatforms) = postSolution
		{E8CFBDC1-C266-4451-9A78-7557C3A191FB}.Debug|x64.ActiveCfg = Debug|x64
		{E8CFBDC1-C266-4451-9A78-7557C3A191FB}.Debug|x64.Build.0 = Debug|x64
		{E8CFBDC1-C266-4451-9A78-7557C3A191FB}.Debug|x86.ActiveCfg = Debug|Win32
		{E8CFBDC1-C266-4451-9A78-7557C3A191FB}.Debug|x86.Build.0 = Debug|Win32
		{E8CFBDC1-C266-4451-9A78-7557C3A191FB}.Release|x64.ActiveCfg = Release|x64
		{E8CFBDC1-C266-4451-9A78-7557C3A191FB}.Release|x64.Build.0 = Release|x64
		{E8CFBDC1-C266-4451-9A78-7557C3A191FB}.Release|x86.ActiveCfg = Release|Win32
		{E8CFBDC1-C266-4451-9A78-7557C3A191FB}.Release|x86.Build.0 = Release|Win32
		{257C5D34-88B5-47FC-8806-69DE9AF030F0}.Debug|x64.ActiveCfg = Debug|x64
		{257C5D34-88B5-47FC-8806-69DE9AF030F0}.Debug|x64.Build.0 = Debug|x64
		{257C5D34-88B5-47FC-8806-69DE9AF030F0}.Debug|x86.ActiveCfg = Debug|Win32
		{257C5D34-88B5-47FC-8806-69DE9AF030F0}.Debug|x86.Build.0 = Debug|Win32
		{257C5D34-88B5-47FC-8806-69DE9AF030F0}.Release|x64.ActiveCfg = Release|x64
		{257C5D34-88B5-47FC-8806-69DE9AF030F0}.Release|x64.Build.0 = Release|x64
		{257C5D34-88B5-47FC-8806-69DE9AF030F0}.Release|x86.ActiveCfg = Release|Win32
		{257C5D34-88B5-47FC-8806-69DE9AF030F0}.Release|x86.Build.0 = Release|Win32
		{A8B61E63-61B9-4A25-BB40-382A2635D9FA}.Debug|x64.ActiveCfg = Debug|x64
		{A8B61E63-61B9-4A25-BB40-382A2635D9FA}.Debug|x64.Build.0 = Debug|x64
		{A8B61E63-61B9-4A25-BB40-382A2635D9FA}.Debug|x86.ActiveCfg = Debug|Win32
		{A8B61E63-61B9-4A25-BB40-382A2635D9FA}.Debug|x86.Build.0 = Debug|Win32
		{A8B61E63-61B9-4A25-BB40-382A2635D9FA}.Release|x64.ActiveCfg = Release|x64
		{A8B61E63-61B9-4A25-BB40-382A2635D9FA}.Release|x64.Build.0 = Release|x64
		{A8B61E63-61B9-4A25-BB40-382A2635D9FA}.Release|x86.ActiveCfg = Release|Win32
		{A8B61E63-61B9-4A25-BB40-382A2635D9FA}.Release|x86.Build.0 = Release|Win32
		{EC2634E6-C8AE-4674-8E1B-875BE7560593}.Debug|x64.ActiveCfg = Debug|x64
		{EC2634E6-C8AE-4674-8E1B-875BE7560593}.Debug|x64.Build.0 = Debug|x64
		{EC2634E6-C8AE-4674-8E1B-875BE7560593}.Debug|x86.ActiveCfg = Debug|Win32
		{EC2634E6-C8AE-4674-8E1B-875BE7560593}.Debug|x86.Build.0 = Debug|Win32
		{EC2634E6-C8AE-4674-8E1B-875BE7560593}.Release|x64.ActiveCfg = Release|x64
		{EC2634E6-C8AE-4674-8E1B-875BE7560593}.Release|x64.Build.0 = Release|x64
		{EC2634E6-C8AE-4674-8E1B-875BE7560593}.Release|x86.ActiveCfg = Release|Win32
		{EC2634E6-C8AE-4674-8E1B-875BE7560593}.Release|x86.Build.0 = Release|Win32
		{EA3766F6-D79C-4418-96DA-EBD6F8D4383B}.Debug|x64.ActiveCfg = Debug|x64
		{EA3766F6-D79C-4418-96DA-EBD6F8D4383B}.Debug|x64.Build.0 = Debug|x64
		{EA3766F6-D79C-4418-96DA-EBD6F8D4383B}.Debug|x86.ActiveCfg = Debug|Win32
		{EA3766F6-D79C-4418-96DA-EBD6F8D4383B}.Debug|x86.Build.0 = Debug|Win32
		{EA3766F6-D79C-4418-96DA-EBD6F8D4383B}.Release|x64.ActiveCfg = Release|x64
		{EA3766F6-D79C-4418-96DA-EBD6F8D4383B}.Release|x64.Build.0 = Release|x64
		{EA3766F6-D79C-4418-96DA-EBD6F8D4383B}.Release|x86.ActiveCfg = Release|Win32
		{EA3766F6-D79C-4418-96DA-EBD6F8D4383B}.Release|x86.Build.0 = Release|Win32
		{078F5362-48E2-4FB8-A637-48BDD89D5382}.Debug|x64.ActiveCfg = Debug|x64
		{078F5362-48E2-4FB8-A637-48BDD89D5382}.Debug|x64.Build.0 = Debug|x64
		{078F5362-48E2-4FB8-A637-48BDD89D5382}.Debug|x86.ActiveCfg = Debug|Win32
		{078F5362-48E2-4FB8-A637-48BDD89D5382}.Debug|x86.Build.0 = Debug|Win32
		{078F5362-48E2-4FB8-A637-48BDD89D5382}.Release|x64.ActiveCfg = Release|x64
		{078F5362-48E2-4FB8-A637-48BDD89D5382}.Release|x64.Build.0 = Release|x64
		{078F5362-48E2-4FB8-A637-48BDD89D5382}.Release|x86.ActiveCfg = Release|Win32
		{078F5362-48E2-4FB8-A637-48BDD89D5382}.Release|x86.Build.0 = Release|Win32
	EndGlobalSection
	GlobalSection(SolutionProperties) = preSolution
		HideSolutionNode = FALSE
	EndGlobalSection
	GlobalSection(ExtensibilityGlobals) = postSolution
		SolutionGuid = {E3AE5D14-07B6-4C8D-A278-00B2510BF521}
	EndGlobalSection
EndGlobal
